
Microsoft Visual Studio Solution File, Format Version 12.00
# Visual Studio 15
VisualStudioVersion = 15.0.28307.421
MinimumVisualStudioVersion = 10.0.40219.1
Project("{FAE04EC0-301F-11D3-BF4B-00C04F79EFBC}") = "BhaariAPI", "BhaariAPI\BhaariAPI.csproj", "{DDF36C22-3A32-4A98-90B8-086B3CBAFC7C}"
EndProject
Global
	GlobalSection(SolutionConfigurationPlatforms) = preSolution
		Debug|Any CPU = Debug|Any CPU
		Release|Any CPU = Release|Any CPU
	EndGlobalSection
	GlobalSection(ProjectConfigurationPlatforms) = postSolution
		{DDF36C22-3A32-4A98-90B8-086B3CBAFC7C}.Debug|Any CPU.ActiveCfg = Debug|Any CPU
		{DDF36C22-3A32-4A98-90B8-086B3CBAFC7C}.Debug|Any CPU.Build.0 = Debug|Any CPU
		{DDF36C22-3A32-4A98-90B8-086B3CBAFC7C}.Release|Any CPU.ActiveCfg = Release|Any CPU
		{DDF36C22-3A32-4A98-90B8-086B3CBAFC7C}.Release|Any CPU.Build.0 = Release|Any CPU
	EndGlobalSection
	GlobalSection(SolutionProperties) = preSolution
		HideSolutionNode = FALSE
	EndGlobalSection
	GlobalSection(ExtensibilityGlobals) = postSolution
		SolutionGuid = {2826E002-190E-4544-8C14-815FE5BE85A2}
	EndGlobalSection
EndGlobal
