
Microsoft Visual Studio Solution File, Format Version 12.00
# Visual Studio Version 16
VisualStudioVersion = 16.0.29418.71
MinimumVisualStudioVersion = 10.0.40219.1
Project("{FAE04EC0-301F-11D3-BF4B-00C04F79EFBC}") = "ExcelDataExtraction", "ExcelDataExtraction\ExcelDataExtraction.csproj", "{0CA92C5E-1243-4756-8EE3-CAB6502746C7}"
EndProject
Project("{FAE04EC0-301F-11D3-BF4B-00C04F79EFBC}") = "ExcelDataExtraction.Model", "ExcelDataExtraction.Model\ExcelDataExtraction.Model.csproj", "{2D46DFFA-68A1-4093-AC78-424FD51E0A31}"
EndProject
Project("{FAE04EC0-301F-11D3-BF4B-00C04F79EFBC}") = "ExcelDataExtraction.Services", "ExcelDataExtraction.Services\ExcelDataExtraction.Services.csproj", "{F4BDEB6C-3829-4C5B-A5FA-0FF4F8810C3B}"
EndProject
Global
	GlobalSection(SolutionConfigurationPlatforms) = preSolution
		Debug|Any CPU = Debug|Any CPU
		Release|Any CPU = Release|Any CPU
	EndGlobalSection
	GlobalSection(ProjectConfigurationPlatforms) = postSolution
		{0CA92C5E-1243-4756-8EE3-CAB6502746C7}.Debug|Any CPU.ActiveCfg = Debug|Any CPU
		{0CA92C5E-1243-4756-8EE3-CAB6502746C7}.Debug|Any CPU.Build.0 = Debug|Any CPU
		{0CA92C5E-1243-4756-8EE3-CAB6502746C7}.Release|Any CPU.ActiveCfg = Release|Any CPU
		{0CA92C5E-1243-4756-8EE3-CAB6502746C7}.Release|Any CPU.Build.0 = Release|Any CPU
		{2D46DFFA-68A1-4093-AC78-424FD51E0A31}.Debug|Any CPU.ActiveCfg = Debug|Any CPU
		{2D46DFFA-68A1-4093-AC78-424FD51E0A31}.Debug|Any CPU.Build.0 = Debug|Any CPU
		{2D46DFFA-68A1-4093-AC78-424FD51E0A31}.Release|Any CPU.ActiveCfg = Release|Any CPU
		{2D46DFFA-68A1-4093-AC78-424FD51E0A31}.Release|Any CPU.Build.0 = Release|Any CPU
		{F4BDEB6C-3829-4C5B-A5FA-0FF4F8810C3B}.Debug|Any CPU.ActiveCfg = Debug|Any CPU
		{F4BDEB6C-3829-4C5B-A5FA-0FF4F8810C3B}.Debug|Any CPU.Build.0 = Debug|Any CPU
		{F4BDEB6C-3829-4C5B-A5FA-0FF4F8810C3B}.Release|Any CPU.ActiveCfg = Release|Any CPU
		{F4BDEB6C-3829-4C5B-A5FA-0FF4F8810C3B}.Release|Any CPU.Build.0 = Release|Any CPU
	EndGlobalSection
	GlobalSection(SolutionProperties) = preSolution
		HideSolutionNode = FALSE
	EndGlobalSection
	GlobalSection(ExtensibilityGlobals) = postSolution
		SolutionGuid = {E760A234-9E85-42EB-811E-F88FEE42618E}
	EndGlobalSection
EndGlobal
